
Microsoft Visual Studio Solution File, Format Version 12.00
# Visual Studio Version 16
VisualStudioVersion = 25.0.1705.6
MinimumVisualStudioVersion = 10.0.40219.1
Project("{FAE04EC0-301F-11D3-BF4B-00C04F79EFBC}") = "AWS.MSK.Auth", "src\AWS.MSK.Auth.csproj", "{3A771E8E-101F-465B-84B1-F428B4A076A5}"
EndProject
Project("{FAE04EC0-301F-11D3-BF4B-00C04F79EFBC}") = "AWS.MSK.Auth.Test", "test\AWS.MSK.Auth.Test.csproj", "{9F11E026-ECCF-4E33-BD0B-0CE792FD6823}"
EndProject
Global
	GlobalSection(SolutionConfigurationPlatforms) = preSolution
		Debug|Any CPU = Debug|Any CPU
		Release|Any CPU = Release|Any CPU
	EndGlobalSection
	GlobalSection(ProjectConfigurationPlatforms) = postSolution
		{B9D73271-0B28-47A2-BB14-CD642371A1F7}.Debug|Any CPU.ActiveCfg = Debug|Any CPU
		{B9D73271-0B28-47A2-BB14-CD642371A1F7}.Debug|Any CPU.Build.0 = Debug|Any CPU
		{B9D73271-0B28-47A2-BB14-CD642371A1F7}.Release|Any CPU.ActiveCfg = Release|Any CPU
		{B9D73271-0B28-47A2-BB14-CD642371A1F7}.Release|Any CPU.Build.0 = Release|Any CPU
		{3A771E8E-101F-465B-84B1-F428B4A076A5}.Debug|Any CPU.ActiveCfg = Debug|Any CPU
		{3A771E8E-101F-465B-84B1-F428B4A076A5}.Debug|Any CPU.Build.0 = Debug|Any CPU
		{3A771E8E-101F-465B-84B1-F428B4A076A5}.Release|Any CPU.ActiveCfg = Release|Any CPU
		{3A771E8E-101F-465B-84B1-F428B4A076A5}.Release|Any CPU.Build.0 = Release|Any CPU
		{9F11E026-ECCF-4E33-BD0B-0CE792FD6823}.Debug|Any CPU.ActiveCfg = Debug|Any CPU
		{9F11E026-ECCF-4E33-BD0B-0CE792FD6823}.Debug|Any CPU.Build.0 = Debug|Any CPU
		{9F11E026-ECCF-4E33-BD0B-0CE792FD6823}.Release|Any CPU.ActiveCfg = Release|Any CPU
		{9F11E026-ECCF-4E33-BD0B-0CE792FD6823}.Release|Any CPU.Build.0 = Release|Any CPU
	EndGlobalSection
	GlobalSection(SolutionProperties) = preSolution
		HideSolutionNode = FALSE
	EndGlobalSection
	GlobalSection(ExtensibilityGlobals) = postSolution
		SolutionGuid = {91B49E0E-1EE6-42F3-82B0-882613F52293}
	EndGlobalSection
EndGlobal
